// !$*UTF8*$!
{
	archiveVersion = 1;
	classes = {
	};
	objectVersion = 46;
	objects = {

/* Begin PBXBuildFile section */
		1A091F631D84F8080064ECF2 /* main.m in Sources */ = {isa = PBXBuildFile; fileRef = 1A091F621D84F8080064ECF2 /* main.m */; };
		1A091F661D84F8080064ECF2 /* AppDelegate.m in Sources */ = {isa = PBXBuildFile; fileRef = 1A091F651D84F8080064ECF2 /* AppDelegate.m */; };
		1A091F691D84F8080064ECF2 /* ViewController.m in Sources */ = {isa = PBXBuildFile; fileRef = 1A091F681D84F8080064ECF2 /* ViewController.m */; };
		1A091F6C1D84F8080064ECF2 /* Main.storyboard in Resources */ = {isa = PBXBuildFile; fileRef = 1A091F6A1D84F8080064ECF2 /* Main.storyboard */; };
		1A091F6E1D84F8080064ECF2 /* Assets.xcassets in Resources */ = {isa = PBXBuildFile; fileRef = 1A091F6D1D84F8080064ECF2 /* Assets.xcassets */; };
		1A091F711D84F8080064ECF2 /* LaunchScreen.storyboard in Resources */ = {isa = PBXBuildFile; fileRef = 1A091F6F1D84F8080064ECF2 /* LaunchScreen.storyboard */; };
		1A091F801D84F8890064ECF2 /* HHFullPlayerView.m in Sources */ = {isa = PBXBuildFile; fileRef = 1A091F7A1D84F8890064ECF2 /* HHFullPlayerView.m */; };
		1A091F811D84F8890064ECF2 /* HHFullPlayerViewController.m in Sources */ = {isa = PBXBuildFile; fileRef = 1A091F7C1D84F8890064ECF2 /* HHFullPlayerViewController.m */; };
		1A091F821D84F8890064ECF2 /* HHPlayerView.m in Sources */ = {isa = PBXBuildFile; fileRef = 1A091F7E1D84F8890064ECF2 /* HHPlayerView.m */; };
		1A091F831D84F8890064ECF2 /* HHPlayerView.xib in Resources */ = {isa = PBXBuildFile; fileRef = 1A091F7F1D84F8890064ECF2 /* HHPlayerView.xib */; };
		1A091F851D84F8CA0064ECF2 /* HHVideoPlayer.xcassets in Resources */ = {isa = PBXBuildFile; fileRef = 1A091F841D84F8CA0064ECF2 /* HHVideoPlayer.xcassets */; };
		1A091F881D853B570064ECF2 /* SecondViewController.m in Sources */ = {isa = PBXBuildFile; fileRef = 1A091F871D853B570064ECF2 /* SecondViewController.m */; };
/* End PBXBuildFile section */

/* Begin PBXFileReference section */
		1A091F5E1D84F8080064ECF2 /* videoDemo.app */ = {isa = PBXFileReference; explicitFileType = wrapper.application; includeInIndex = 0; path = videoDemo.app; sourceTree = BUILT_PRODUCTS_DIR; };
		1A091F621D84F8080064ECF2 /* main.m */ = {isa = PBXFileReference; lastKnownFileType = sourcecode.c.objc; path = main.m; sourceTree = "<group>"; };
		1A091F641D84F8080064ECF2 /* AppDelegate.h */ = {isa = PBXFileReference; lastKnownFileType = sourcecode.c.h; path = AppDelegate.h; sourceTree = "<group>"; };
		1A091F651D84F8080064ECF2 /* AppDelegate.m */ = {isa = PBXFileReference; lastKnownFileType = sourcecode.c.objc; path = AppDelegate.m; sourceTree = "<group>"; };
		1A091F671D84F8080064ECF2 /* ViewController.h */ = {isa = PBXFileReference; lastKnownFileType = sourcecode.c.h; path = ViewController.h; sourceTree = "<group>"; };
		1A091F681D84F8080064ECF2 /* ViewController.m */ = {isa = PBXFileReference; lastKnownFileType = sourcecode.c.objc; path = ViewController.m; sourceTree = "<group>"; };
		1A091F6B1D84F8080064ECF2 /* Base */ = {isa = PBXFileReference; lastKnownFileType = file.storyboard; name = Base; path = Base.lproj/Main.storyboard; sourceTree = "<group>"; };
		1A091F6D1D84F8080064ECF2 /* Assets.xcassets */ = {isa = PBXFileReference; lastKnownFileType = folder.assetcatalog; path = Assets.xcassets; sourceTree = "<group>"; };
		1A091F701D84F8080064ECF2 /* Base */ = {isa = PBXFileReference; lastKnownFileType = file.storyboard; name = Base; path = Base.lproj/LaunchScreen.storyboard; sourceTree = "<group>"; };
		1A091F721D84F8080064ECF2 /* Info.plist */ = {isa = PBXFileReference; lastKnownFileType = text.plist.xml; path = Info.plist; sourceTree = "<group>"; };
		1A091F791D84F8890064ECF2 /* HHFullPlayerView.h */ = {isa = PBXFileReference; fileEncoding = 4; lastKnownFileType = sourcecode.c.h; path = HHFullPlayerView.h; sourceTree = "<group>"; };
		1A091F7A1D84F8890064ECF2 /* HHFullPlayerView.m */ = {isa = PBXFileReference; fileEncoding = 4; lastKnownFileType = sourcecode.c.objc; path = HHFullPlayerView.m; sourceTree = "<group>"; };
		1A091F7B1D84F8890064ECF2 /* HHFullPlayerViewController.h */ = {isa = PBXFileReference; fileEncoding = 4; lastKnownFileType = sourcecode.c.h; path = HHFullPlayerViewController.h; sourceTree = "<group>"; };
		1A091F7C1D84F8890064ECF2 /* HHFullPlayerViewController.m */ = {isa = PBXFileReference; fileEncoding = 4; lastKnownFileType = sourcecode.c.objc; path = HHFullPlayerViewController.m; sourceTree = "<group>"; };
		1A091F7D1D84F8890064ECF2 /* HHPlayerView.h */ = {isa = PBXFileReference; fileEncoding = 4; lastKnownFileType = sourcecode.c.h; path = HHPlayerView.h; sourceTree = "<group>"; };
		1A091F7E1D84F8890064ECF2 /* HHPlayerView.m */ = {isa = PBXFileReference; fileEncoding = 4; lastKnownFileType = sourcecode.c.objc; path = HHPlayerView.m; sourceTree = "<group>"; };
		1A091F7F1D84F8890064ECF2 /* HHPlayerView.xib */ = {isa = PBXFileReference; fileEncoding = 4; lastKnownFileType = file.xib; path = HHPlayerView.xib; sourceTree = "<group>"; };
		1A091F841D84F8CA0064ECF2 /* HHVideoPlayer.xcassets */ = {isa = PBXFileReference; lastKnownFileType = folder.assetcatalog; path = HHVideoPlayer.xcassets; sourceTree = "<group>"; };
		1A091F861D853B570064ECF2 /* SecondViewController.h */ = {isa = PBXFileReference; fileEncoding = 4; lastKnownFileType = sourcecode.c.h; path = SecondViewController.h; sourceTree = "<group>"; };
		1A091F871D853B570064ECF2 /* SecondViewController.m */ = {isa = PBXFileReference; fileEncoding = 4; lastKnownFileType = sourcecode.c.objc; path = SecondViewController.m; sourceTree = "<group>"; };
/* End PBXFileReference section */

/* Begin PBXFrameworksBuildPhase section */
		1A091F5B1D84F8080064ECF2 /* Frameworks */ = {
			isa = PBXFrameworksBuildPhase;
			buildActionMask = 2147483647;
			files = (
			);
			runOnlyForDeploymentPostprocessing = 0;
		};
/* End PBXFrameworksBuildPhase section */

/* Begin PBXGroup section */
		1A091F551D84F8080064ECF2 = {
			isa = PBXGroup;
			children = (
				1A091F601D84F8080064ECF2 /* videoDemo */,
				1A091F5F1D84F8080064ECF2 /* Products */,
			);
			sourceTree = "<group>";
		};
		1A091F5F1D84F8080064ECF2 /* Products */ = {
			isa = PBXGroup;
			children = (
				1A091F5E1D84F8080064ECF2 /* videoDemo.app */,
			);
			name = Products;
			sourceTree = "<group>";
		};
		1A091F601D84F8080064ECF2 /* videoDemo */ = {
			isa = PBXGroup;
			children = (
				1A091F781D84F8890064ECF2 /* VideoPlayer */,
				1A091F641D84F8080064ECF2 /* AppDelegate.h */,
				1A091F651D84F8080064ECF2 /* AppDelegate.m */,
				1A091F671D84F8080064ECF2 /* ViewController.h */,
				1A091F681D84F8080064ECF2 /* ViewController.m */,
				1A091F861D853B570064ECF2 /* SecondViewController.h */,
				1A091F871D853B570064ECF2 /* SecondViewController.m */,
				1A091F6A1D84F8080064ECF2 /* Main.storyboard */,
				1A091F6D1D84F8080064ECF2 /* Assets.xcassets */,
				1A091F6F1D84F8080064ECF2 /* LaunchScreen.storyboard */,
				1A091F721D84F8080064ECF2 /* Info.plist */,
				1A091F611D84F8080064ECF2 /* Supporting Files */,
			);
			path = videoDemo;
			sourceTree = "<group>";
		};
		1A091F611D84F8080064ECF2 /* Supporting Files */ = {
			isa = PBXGroup;
			children = (
				1A091F621D84F8080064ECF2 /* main.m */,
			);
			name = "Supporting Files";
			sourceTree = "<group>";
		};
		1A091F781D84F8890064ECF2 /* VideoPlayer */ = {
			isa = PBXGroup;
			children = (
				1A091F791D84F8890064ECF2 /* HHFullPlayerView.h */,
				1A091F7A1D84F8890064ECF2 /* HHFullPlayerView.m */,
				1A091F7B1D84F8890064ECF2 /* HHFullPlayerViewController.h */,
				1A091F7C1D84F8890064ECF2 /* HHFullPlayerViewController.m */,
				1A091F7D1D84F8890064ECF2 /* HHPlayerView.h */,
				1A091F7E1D84F8890064ECF2 /* HHPlayerView.m */,
				1A091F7F1D84F8890064ECF2 /* HHPlayerView.xib */,
				1A091F841D84F8CA0064ECF2 /* HHVideoPlayer.xcassets */,
			);
			name = VideoPlayer;
			path = videoPlayer;
			sourceTree = "<group>";
		};
/* End PBXGroup section */

/* Begin PBXNativeTarget section */
		1A091F5D1D84F8080064ECF2 /* videoDemo */ = {
			isa = PBXNativeTarget;
			buildConfigurationList = 1A091F751D84F8080064ECF2 /* Build configuration list for PBXNativeTarget "videoDemo" */;
			buildPhases = (
				1A091F5A1D84F8080064ECF2 /* Sources */,
				1A091F5B1D84F8080064ECF2 /* Frameworks */,
				1A091F5C1D84F8080064ECF2 /* Resources */,
			);
			buildRules = (
			);
			dependencies = (
			);
			name = videoDemo;
			productName = videoDemo;
			productReference = 1A091F5E1D84F8080064ECF2 /* videoDemo.app */;
			productType = "com.apple.product-type.application";
		};
/* End PBXNativeTarget section */

/* Begin PBXProject section */
		1A091F561D84F8080064ECF2 /* Project object */ = {
			isa = PBXProject;
			attributes = {
				LastUpgradeCheck = 0730;
				ORGANIZATIONNAME = zy;
				TargetAttributes = {
					1A091F5D1D84F8080064ECF2 = {
						CreatedOnToolsVersion = 7.3.1;
						DevelopmentTeam = D8D6222D7P;
					};
				};
			};
			buildConfigurationList = 1A091F591D84F8080064ECF2 /* Build configuration list for PBXProject "videoDemo" */;
			compatibilityVersion = "Xcode 3.2";
			developmentRegion = English;
			hasScannedForEncodings = 0;
			knownRegions = (
				en,
				Base,
			);
			mainGroup = 1A091F551D84F8080064ECF2;
			productRefGroup = 1A091F5F1D84F8080064ECF2 /* Products */;
			projectDirPath = "";
			projectRoot = "";
			targets = (
				1A091F5D1D84F8080064ECF2 /* videoDemo */,
			);
		};
/* End PBXProject section */

/* Begin PBXResourcesBuildPhase section */
		1A091F5C1D84F8080064ECF2 /* Resources */ = {
			isa = PBXResourcesBuildPhase;
			buildActionMask = 2147483647;
			files = (
				1A091F711D84F8080064ECF2 /* LaunchScreen.storyboard in Resources */,
				1A091F831D84F8890064ECF2 /* HHPlayerView.xib in Resources */,
				1A091F6E1D84F8080064ECF2 /* Assets.xcassets in Resources */,
				1A091F851D84F8CA0064ECF2 /* HHVideoPlayer.xcassets in Resources */,
				1A091F6C1D84F8080064ECF2 /* Main.storyboard in Resources */,
			);
			runOnlyForDeploymentPostprocessing = 0;
		};
/* End PBXResourcesBuildPhase section */

/* Begin PBXSourcesBuildPhase section */
		1A091F5A1D84F8080064ECF2 /* Sources */ = {
			isa = PBXSourcesBuildPhase;
			buildActionMask = 2147483647;
			files = (
				1A091F801D84F8890064ECF2 /* HHFullPlayerView.m in Sources */,
				1A091F691D84F8080064ECF2 /* ViewController.m in Sources */,
				1A091F661D84F8080064ECF2 /* AppDelegate.m in Sources */,
				1A091F881D853B570064ECF2 /* SecondViewController.m in Sources */,
				1A091F821D84F8890064ECF2 /* HHPlayerView.m in Sources */,
				1A091F811D84F8890064ECF2 /* HHFullPlayerViewController.m in Sources */,
				1A091F631D84F8080064ECF2 /* main.m in Sources */,
			);
			runOnlyForDeploymentPostprocessing = 0;
		};
/* End PBXSourcesBuildPhase section */

/* Begin PBXVariantGroup section */
		1A091F6A1D84F8080064ECF2 /* Main.storyboard */ = {
			isa = PBXVariantGroup;
			children = (
				1A091F6B1D84F8080064ECF2 /* Base */,
			);
			name = Main.storyboard;
			sourceTree = "<group>";
		};
		1A091F6F1D84F8080064ECF2 /* LaunchScreen.storyboard */ = {
			isa = PBXVariantGroup;
			children = (
				1A091F701D84F8080064ECF2 /* Base */,
			);
			name = LaunchScreen.storyboard;
			sourceTree = "<group>";
		};
/* End PBXVariantGroup section */

/* Begin XCBuildConfiguration section */
		1A091F731D84F8080064ECF2 /* Debug */ = {
			isa = XCBuildConfiguration;
			buildSettings = {
				ALWAYS_SEARCH_USER_PATHS = NO;
				CLANG_ANALYZER_NONNULL = YES;
				CLANG_CXX_LANGUAGE_STANDARD = "gnu++0x";
				CLANG_CXX_LIBRARY = "libc++";
				CLANG_ENABLE_MODULES = YES;
				CLANG_ENABLE_OBJC_ARC = YES;
				CLANG_WARN_BOOL_CONVERSION = YES;
				CLANG_WARN_CONSTANT_CONVERSION = YES;
				CLANG_WARN_DIRECT_OBJC_ISA_USAGE = YES_ERROR;
				CLANG_WARN_EMPTY_BODY = YES;
				CLANG_WARN_ENUM_CONVERSION = YES;
				CLANG_WARN_INT_CONVERSION = YES;
				CLANG_WARN_OBJC_ROOT_CLASS = YES_ERROR;
				CLANG_WARN_UNREACHABLE_CODE = YES;
				CLANG_WARN__DUPLICATE_METHOD_MATCH = YES;
				"CODE_SIGN_IDENTITY[sdk=iphoneos*]" = "iPhone Developer";
				COPY_PHASE_STRIP = NO;
				DEBUG_INFORMATION_FORMAT = dwarf;
				ENABLE_STRICT_OBJC_MSGSEND = YES;
				ENABLE_TESTABILITY = YES;
				GCC_C_LANGUAGE_STANDARD = gnu99;
				GCC_DYNAMIC_NO_PIC = NO;
				GCC_NO_COMMON_BLOCKS = YES;
				GCC_OPTIMIZATION_LEVEL = 0;
				GCC_PREPROCESSOR_DEFINITIONS = (
					"DEBUG=1",
					"$(inherited)",
				);
				GCC_WARN_64_TO_32_BIT_CONVERSION = YES;
				GCC_WARN_ABOUT_RETURN_TYPE = YES_ERROR;
				GCC_WARN_UNDECLARED_SELECTOR = YES;
				GCC_WARN_UNINITIALIZED_AUTOS = YES_AGGRESSIVE;
				GCC_WARN_UNUSED_FUNCTION = YES;
				GCC_WARN_UNUSED_VARIABLE = YES;
				IPHONEOS_DEPLOYMENT_TARGET = 9.3;
				MTL_ENABLE_DEBUG_INFO = YES;
				ONLY_ACTIVE_ARCH = YES;
				SDKROOT = iphoneos;
				TARGETED_DEVICE_FAMILY = "1,2";
			};
			name = Debug;
		};
		1A091F741D84F8080064ECF2 /* Release */ = {
			isa = XCBuildConfiguration;
			buildSettings = {
				ALWAYS_SEARCH_USER_PATHS = NO;
				CLANG_ANALYZER_NONNULL = YES;
				CLANG_CXX_LANGUAGE_STANDARD = "gnu++0x";
				CLANG_CXX_LIBRARY = "libc++";
				CLANG_ENABLE_MODULES = YES;
				CLANG_ENABLE_OBJC_ARC = YES;
				CLANG_WARN_BOOL_CONVERSION = YES;
				CLANG_WARN_CONSTANT_CONVERSION = YES;
				CLANG_WARN_DIRECT_OBJC_ISA_USAGE = YES_ERROR;
				CLANG_WARN_EMPTY_BODY = YES;
				CLANG_WARN_ENUM_CONVERSION = YES;
				CLANG_WARN_INT_CONVERSION = YES;
				CLANG_WARN_OBJC_ROOT_CLASS = YES_ERROR;
				CLANG_WARN_UNREACHABLE_CODE = YES;
				CLANG_WARN__DUPLICATE_METHOD_MATCH = YES;
				"CODE_SIGN_IDENTITY[sdk=iphoneos*]" = "iPhone Developer";
				COPY_PHASE_STRIP = NO;
				DEBUG_INFORMATION_FORMAT = "dwarf-with-dsym";
				ENABLE_NS_ASSERTIONS = NO;
				ENABLE_STRICT_OBJC_MSGSEND = YES;
				GCC_C_LANGUAGE_STANDARD = gnu99;
				GCC_NO_COMMON_BLOCKS = YES;
				GCC_WARN_64_TO_32_BIT_CONVERSION = YES;
				GCC_WARN_ABOUT_RETURN_TYPE = YES_ERROR;
				GCC_WARN_UNDECLARED_SELECTOR = YES;
				GCC_WARN_UNINITIALIZED_AUTOS = YES_AGGRESSIVE;
				GCC_WARN_UNUSED_FUNCTION = YES;
				GCC_WARN_UNUSED_VARIABLE = YES;
				IPHONEOS_DEPLOYMENT_TARGET = 9.3;
				MTL_ENABLE_DEBUG_INFO = NO;
				SDKROOT = iphoneos;
				TARGETED_DEVICE_FAMILY = "1,2";
				VALIDATE_PRODUCT = YES;
			};
			name = Release;
		};
		1A091F761D84F8080064ECF2 /* Debug */ = {
			isa = XCBuildConfiguration;
			buildSettings = {
				ASSETCATALOG_COMPILER_APPICON_NAME = AppIcon;
				CODE_SIGN_IDENTITY = "iPhone Developer";
				INFOPLIST_FILE = videoDemo/Info.plist;
				IPHONEOS_DEPLOYMENT_TARGET = 8.0;
				LD_RUNPATH_SEARCH_PATHS = "$(inherited) @executable_path/Frameworks";
				PRODUCT_BUNDLE_IDENTIFIER = com.zybug.videoDemo;
				PRODUCT_NAME = "$(TARGET_NAME)";
			};
			name = Debug;
		};
		1A091F771D84F8080064ECF2 /* Release */ = {
			isa = XCBuildConfiguration;
			buildSettings = {
				ASSETCATALOG_COMPILER_APPICON_NAME = AppIcon;
				CODE_SIGN_IDENTITY = "iPhone Developer";
				INFOPLIST_FILE = videoDemo/Info.plist;
				IPHONEOS_DEPLOYMENT_TARGET = 8.0;
				LD_RUNPATH_SEARCH_PATHS = "$(inherited) @executable_path/Frameworks";
				PRODUCT_BUNDLE_IDENTIFIER = com.zybug.videoDemo;
				PRODUCT_NAME = "$(TARGET_NAME)";
			};
			name = Release;
		};
/* End XCBuildConfiguration section */

/* Begin XCConfigurationList section */
		1A091F591D84F8080064ECF2 /* Build configuration list for PBXProject "videoDemo" */ = {
			isa = XCConfigurationList;
			buildConfigurations = (
				1A091F731D84F8080064ECF2 /* Debug */,
				1A091F741D84F8080064ECF2 /* Release */,
			);
			defaultConfigurationIsVisible = 0;
			defaultConfigurationName = Release;
		};
		1A091F751D84F8080064ECF2 /* Build configuration list for PBXNativeTarget "videoDemo" */ = {
			isa = XCConfigurationList;
			buildConfigurations = (
				1A091F761D84F8080064ECF2 /* Debug */,
				1A091F771D84F8080064ECF2 /* Release */,
			);
			defaultConfigurationIsVisible = 0;
		};
/* End XCConfigurationList section */
	};
	rootObject = 1A091F561D84F8080064ECF2 /* Project object */;
}
